// !$*UTF8*$!
{
	archiveVersion = 1;
	classes = {
	};
	objectVersion = 51;
	objects = {

/* Begin PBXBuildFile section */
		42C117EB687731AA4A60751A /* Pods_DoLEMON_new.framework in Frameworks */ = {isa = PBXBuildFile; fileRef = 9521EA2BFA435F9B56DDE446 /* Pods_DoLEMON_new.framework */; };
		880C868B2752FDCE009799EC /* ShowCommentsViewController.swift in Sources */ = {isa = PBXBuildFile; fileRef = 880C868A2752FDCE009799EC /* ShowCommentsViewController.swift */; };
		8823A37D273D204100C7E228 /* AppDelegate.swift in Sources */ = {isa = PBXBuildFile; fileRef = 8823A37C273D204100C7E228 /* AppDelegate.swift */; };
		8823A37F273D204100C7E228 /* SceneDelegate.swift in Sources */ = {isa = PBXBuildFile; fileRef = 8823A37E273D204100C7E228 /* SceneDelegate.swift */; };
		8823A381273D204100C7E228 /* HomeViewController.swift in Sources */ = {isa = PBXBuildFile; fileRef = 8823A380273D204100C7E228 /* HomeViewController.swift */; };
		8823A386273D204800C7E228 /* Assets.xcassets in Resources */ = {isa = PBXBuildFile; fileRef = 8823A385273D204800C7E228 /* Assets.xcassets */; };
		8823A389273D204800C7E228 /* LaunchScreen.storyboard in Resources */ = {isa = PBXBuildFile; fileRef = 8823A387273D204800C7E228 /* LaunchScreen.storyboard */; };
		8823A394273D244E00C7E228 /* LoginViewController.swift in Sources */ = {isa = PBXBuildFile; fileRef = 8823A393273D244E00C7E228 /* LoginViewController.swift */; };
		8823A396273D246A00C7E228 /* RegisterViewController.swift in Sources */ = {isa = PBXBuildFile; fileRef = 8823A395273D246A00C7E228 /* RegisterViewController.swift */; };
		8823A39A273D25D000C7E228 /* MapViewController.swift in Sources */ = {isa = PBXBuildFile; fileRef = 8823A399273D25D000C7E228 /* MapViewController.swift */; };
		8823A39C273D273700C7E228 /* AddFriendViewController.swift in Sources */ = {isa = PBXBuildFile; fileRef = 8823A39B273D273700C7E228 /* AddFriendViewController.swift */; };
		8823A39F273D2A4500C7E228 /* SearchFriendViewController.swift in Sources */ = {isa = PBXBuildFile; fileRef = 8823A39E273D2A4500C7E228 /* SearchFriendViewController.swift */; };
		8823A3A3273D2ADE00C7E228 /* ResultViewController.swift in Sources */ = {isa = PBXBuildFile; fileRef = 8823A3A2273D2ADE00C7E228 /* ResultViewController.swift */; };
		8823A3A8273DF26200C7E228 /* GooglePlaceManager.swift in Sources */ = {isa = PBXBuildFile; fileRef = 8823A3A7273DF26200C7E228 /* GooglePlaceManager.swift */; };
		8823A3AC273F300700C7E228 /* Main.storyboard in Resources */ = {isa = PBXBuildFile; fileRef = 8823A3AB273F300700C7E228 /* Main.storyboard */; };
		8823A3AE273F465400C7E228 /* CommentsViewController.swift in Sources */ = {isa = PBXBuildFile; fileRef = 8823A3AD273F465300C7E228 /* CommentsViewController.swift */; };
		883207102748685400E2921D /* Constants.swift in Sources */ = {isa = PBXBuildFile; fileRef = 8832070F2748685400E2921D /* Constants.swift */; };
		8860474B274B342B00BFE967 /* FollowUnfollowManager.swift in Sources */ = {isa = PBXBuildFile; fileRef = 8860474A274B342B00BFE967 /* FollowUnfollowManager.swift */; };
		8860474D274B35AE00BFE967 /* UserService.swift in Sources */ = {isa = PBXBuildFile; fileRef = 8860474C274B35AE00BFE967 /* UserService.swift */; };
		8872F85E2740916100504F81 /* UserFollowTableViewCell.swift in Sources */ = {isa = PBXBuildFile; fileRef = 8872F85D2740916100504F81 /* UserFollowTableViewCell.swift */; };
		8872F8622740965500504F81 /* EditProfileTableViewCell.swift in Sources */ = {isa = PBXBuildFile; fileRef = 8872F8612740965500504F81 /* EditProfileTableViewCell.swift */; };
		8872F86627409B5600504F81 /* UserPinPlaceListViewController.swift in Sources */ = {isa = PBXBuildFile; fileRef = 8872F86527409B5600504F81 /* UserPinPlaceListViewController.swift */; };
		8872F86B2741049E00504F81 /* ProfileTableViewController.swift in Sources */ = {isa = PBXBuildFile; fileRef = 8872F86A2741049E00504F81 /* ProfileTableViewController.swift */; };
		8872F87127412D5200504F81 /* ProfileCustomHeaderView.swift in Sources */ = {isa = PBXBuildFile; fileRef = 8872F87027412D5200504F81 /* ProfileCustomHeaderView.swift */; };
		8872F8732741D85A00504F81 /* ProfileTableViewCell.swift in Sources */ = {isa = PBXBuildFile; fileRef = 8872F8722741D85A00504F81 /* ProfileTableViewCell.swift */; };
		8872F8762741EAD400504F81 /* Extentions.swift in Sources */ = {isa = PBXBuildFile; fileRef = 8872F8752741EAD400504F81 /* Extentions.swift */; };
		8872F87927424AAE00504F81 /* GoogleService-Info.plist in Resources */ = {isa = PBXBuildFile; fileRef = 8872F87827424AAE00504F81 /* GoogleService-Info.plist */; };
		8872F87B27424C9800504F81 /* FirebaseAuthManager.swift in Sources */ = {isa = PBXBuildFile; fileRef = 8872F87A27424C9800504F81 /* FirebaseAuthManager.swift */; };
		8872F87E27431ED100504F81 /* Place.swift in Sources */ = {isa = PBXBuildFile; fileRef = 8872F87D27431ED100504F81 /* Place.swift */; };
		8872F88027432C2900504F81 /* User.swift in Sources */ = {isa = PBXBuildFile; fileRef = 8872F87F27432C2900504F81 /* User.swift */; };
		8872F88227434A1B00504F81 /* Pin.swift in Sources */ = {isa = PBXBuildFile; fileRef = 8872F88127434A1A00504F81 /* Pin.swift */; };
		8872F88427448EEB00504F81 /* Comment.swift in Sources */ = {isa = PBXBuildFile; fileRef = 8872F88327448EEB00504F81 /* Comment.swift */; };
		8872F8862744F66200504F81 /* FirestoreManager.swift in Sources */ = {isa = PBXBuildFile; fileRef = 8872F8852744F66200504F81 /* FirestoreManager.swift */; };
		8872F88A2745B7AF00504F81 /* TestViewController.swift in Sources */ = {isa = PBXBuildFile; fileRef = 8872F8892745B7AF00504F81 /* TestViewController.swift */; };
		8872F88C2745BE5300504F81 /* EditProfileCustomHeaderView.swift in Sources */ = {isa = PBXBuildFile; fileRef = 8872F88B2745BE5300504F81 /* EditProfileCustomHeaderView.swift */; };
		8872F8932745DBB700504F81 /* RenameTableViewCell.swift in Sources */ = {isa = PBXBuildFile; fileRef = 8872F8922745DBB700504F81 /* RenameTableViewCell.swift */; };
		8872F8972745DCEF00504F81 /* ChangeFullNameTableViewController.swift in Sources */ = {isa = PBXBuildFile; fileRef = 8872F8962745DCEF00504F81 /* ChangeFullNameTableViewController.swift */; };
		8872F8992745DD6700504F81 /* ChangeUsernameTableViewController.swift in Sources */ = {isa = PBXBuildFile; fileRef = 8872F8982745DD6700504F81 /* ChangeUsernameTableViewController.swift */; };
		8872F89C274653D600504F81 /* PagingViewController.swift in Sources */ = {isa = PBXBuildFile; fileRef = 8872F89B274653D600504F81 /* PagingViewController.swift */; };
		8872F8A02747211E00504F81 /* FollowingListTableViewController.swift in Sources */ = {isa = PBXBuildFile; fileRef = 8872F89F2747211E00504F81 /* FollowingListTableViewController.swift */; };
		8872F8A22747A39000504F81 /* AccessPhotoManager.swift in Sources */ = {isa = PBXBuildFile; fileRef = 8872F8A12747A39000504F81 /* AccessPhotoManager.swift */; };
		8872F8A52747A9F000504F81 /* ImageUploader.swift in Sources */ = {isa = PBXBuildFile; fileRef = 8872F8A42747A9F000504F81 /* ImageUploader.swift */; };
		88F6AECF274E44680092772F /* EditProfileTableViewController.swift in Sources */ = {isa = PBXBuildFile; fileRef = 88F6AECE274E44680092772F /* EditProfileTableViewController.swift */; };
		88F6AED1274EFC860092772F /* FollowersListTableViewController.swift in Sources */ = {isa = PBXBuildFile; fileRef = 88F6AED0274EFC860092772F /* FollowersListTableViewController.swift */; };
/* End PBXBuildFile section */

/* Begin PBXFileReference section */
		1853D7AB88FABA64DC5E1F70 /* Pods-DoLEMON.new.release.xcconfig */ = {isa = PBXFileReference; includeInIndex = 1; lastKnownFileType = text.xcconfig; name = "Pods-DoLEMON.new.release.xcconfig"; path = "Target Support Files/Pods-DoLEMON.new/Pods-DoLEMON.new.release.xcconfig"; sourceTree = "<group>"; };
		2E032FEE26837181AF766BAF /* Pods-DoLEMON.new.debug.xcconfig */ = {isa = PBXFileReference; includeInIndex = 1; lastKnownFileType = text.xcconfig; name = "Pods-DoLEMON.new.debug.xcconfig"; path = "Target Support Files/Pods-DoLEMON.new/Pods-DoLEMON.new.debug.xcconfig"; sourceTree = "<group>"; };
		880C868A2752FDCE009799EC /* ShowCommentsViewController.swift */ = {isa = PBXFileReference; lastKnownFileType = sourcecode.swift; path = ShowCommentsViewController.swift; sourceTree = "<group>"; };
		8823A379273D204100C7E228 /* DoLEMON.new.app */ = {isa = PBXFileReference; explicitFileType = wrapper.application; includeInIndex = 0; path = DoLEMON.new.app; sourceTree = BUILT_PRODUCTS_DIR; };
		8823A37C273D204100C7E228 /* AppDelegate.swift */ = {isa = PBXFileReference; lastKnownFileType = sourcecode.swift; path = AppDelegate.swift; sourceTree = "<group>"; };
		8823A37E273D204100C7E228 /* SceneDelegate.swift */ = {isa = PBXFileReference; lastKnownFileType = sourcecode.swift; path = SceneDelegate.swift; sourceTree = "<group>"; };
		8823A380273D204100C7E228 /* HomeViewController.swift */ = {isa = PBXFileReference; lastKnownFileType = sourcecode.swift; path = HomeViewController.swift; sourceTree = "<group>"; };
		8823A385273D204800C7E228 /* Assets.xcassets */ = {isa = PBXFileReference; lastKnownFileType = folder.assetcatalog; path = Assets.xcassets; sourceTree = "<group>"; };
		8823A388273D204800C7E228 /* Base */ = {isa = PBXFileReference; lastKnownFileType = file.storyboard; name = Base; path = Base.lproj/LaunchScreen.storyboard; sourceTree = "<group>"; };
		8823A38A273D204800C7E228 /* Info.plist */ = {isa = PBXFileReference; lastKnownFileType = text.plist.xml; path = Info.plist; sourceTree = "<group>"; };
		8823A393273D244E00C7E228 /* LoginViewController.swift */ = {isa = PBXFileReference; lastKnownFileType = sourcecode.swift; path = LoginViewController.swift; sourceTree = "<group>"; };
		8823A395273D246A00C7E228 /* RegisterViewController.swift */ = {isa = PBXFileReference; lastKnownFileType = sourcecode.swift; path = RegisterViewController.swift; sourceTree = "<group>"; };
		8823A399273D25D000C7E228 /* MapViewController.swift */ = {isa = PBXFileReference; lastKnownFileType = sourcecode.swift; path = MapViewController.swift; sourceTree = "<group>"; };
		8823A39B273D273700C7E228 /* AddFriendViewController.swift */ = {isa = PBXFileReference; lastKnownFileType = sourcecode.swift; path = AddFriendViewController.swift; sourceTree = "<group>"; };
		8823A39E273D2A4500C7E228 /* SearchFriendViewController.swift */ = {isa = PBXFileReference; lastKnownFileType = sourcecode.swift; path = SearchFriendViewController.swift; sourceTree = "<group>"; };
		8823A3A2273D2ADE00C7E228 /* ResultViewController.swift */ = {isa = PBXFileReference; lastKnownFileType = sourcecode.swift; path = ResultViewController.swift; sourceTree = "<group>"; };
		8823A3A7273DF26200C7E228 /* GooglePlaceManager.swift */ = {isa = PBXFileReference; lastKnownFileType = sourcecode.swift; path = GooglePlaceManager.swift; sourceTree = "<group>"; };
		8823A3AB273F300700C7E228 /* Main.storyboard */ = {isa = PBXFileReference; fileEncoding = 4; lastKnownFileType = file.storyboard; path = Main.storyboard; sourceTree = "<group>"; };
		8823A3AD273F465300C7E228 /* CommentsViewController.swift */ = {isa = PBXFileReference; lastKnownFileType = sourcecode.swift; path = CommentsViewController.swift; sourceTree = "<group>"; };
		8832070F2748685400E2921D /* Constants.swift */ = {isa = PBXFileReference; lastKnownFileType = sourcecode.swift; path = Constants.swift; sourceTree = "<group>"; };
		8860474A274B342B00BFE967 /* FollowUnfollowManager.swift */ = {isa = PBXFileReference; lastKnownFileType = sourcecode.swift; path = FollowUnfollowManager.swift; sourceTree = "<group>"; };
		8860474C274B35AE00BFE967 /* UserService.swift */ = {isa = PBXFileReference; lastKnownFileType = sourcecode.swift; path = UserService.swift; sourceTree = "<group>"; };
		8872F85D2740916100504F81 /* UserFollowTableViewCell.swift */ = {isa = PBXFileReference; lastKnownFileType = sourcecode.swift; path = UserFollowTableViewCell.swift; sourceTree = "<group>"; };
		8872F8612740965500504F81 /* EditProfileTableViewCell.swift */ = {isa = PBXFileReference; lastKnownFileType = sourcecode.swift; path = EditProfileTableViewCell.swift; sourceTree = "<group>"; };
		8872F86527409B5600504F81 /* UserPinPlaceListViewController.swift */ = {isa = PBXFileReference; lastKnownFileType = sourcecode.swift; path = UserPinPlaceListViewController.swift; sourceTree = "<group>"; };
		8872F86A2741049E00504F81 /* ProfileTableViewController.swift */ = {isa = PBXFileReference; lastKnownFileType = sourcecode.swift; path = ProfileTableViewController.swift; sourceTree = "<group>"; };
		8872F87027412D5200504F81 /* ProfileCustomHeaderView.swift */ = {isa = PBXFileReference; lastKnownFileType = sourcecode.swift; path = ProfileCustomHeaderView.swift; sourceTree = "<group>"; };
		8872F8722741D85A00504F81 /* ProfileTableViewCell.swift */ = {isa = PBXFileReference; lastKnownFileType = sourcecode.swift; path = ProfileTableViewCell.swift; sourceTree = "<group>"; };
		8872F8752741EAD400504F81 /* Extentions.swift */ = {isa = PBXFileReference; lastKnownFileType = sourcecode.swift; path = Extentions.swift; sourceTree = "<group>"; };
		8872F87827424AAE00504F81 /* GoogleService-Info.plist */ = {isa = PBXFileReference; fileEncoding = 4; lastKnownFileType = text.plist.xml; path = "GoogleService-Info.plist"; sourceTree = "<group>"; };
		8872F87A27424C9800504F81 /* FirebaseAuthManager.swift */ = {isa = PBXFileReference; lastKnownFileType = sourcecode.swift; path = FirebaseAuthManager.swift; sourceTree = "<group>"; };
		8872F87D27431ED100504F81 /* Place.swift */ = {isa = PBXFileReference; lastKnownFileType = sourcecode.swift; path = Place.swift; sourceTree = "<group>"; };
		8872F87F27432C2900504F81 /* User.swift */ = {isa = PBXFileReference; lastKnownFileType = sourcecode.swift; path = User.swift; sourceTree = "<group>"; };
		8872F88127434A1A00504F81 /* Pin.swift */ = {isa = PBXFileReference; lastKnownFileType = sourcecode.swift; path = Pin.swift; sourceTree = "<group>"; };
		8872F88327448EEB00504F81 /* Comment.swift */ = {isa = PBXFileReference; lastKnownFileType = sourcecode.swift; path = Comment.swift; sourceTree = "<group>"; };
		8872F8852744F66200504F81 /* FirestoreManager.swift */ = {isa = PBXFileReference; lastKnownFileType = sourcecode.swift; path = FirestoreManager.swift; sourceTree = "<group>"; };
		8872F8892745B7AF00504F81 /* TestViewController.swift */ = {isa = PBXFileReference; lastKnownFileType = sourcecode.swift; path = TestViewController.swift; sourceTree = "<group>"; };
		8872F88B2745BE5300504F81 /* EditProfileCustomHeaderView.swift */ = {isa = PBXFileReference; lastKnownFileType = sourcecode.swift; path = EditProfileCustomHeaderView.swift; sourceTree = "<group>"; };
		8872F8922745DBB700504F81 /* RenameTableViewCell.swift */ = {isa = PBXFileReference; lastKnownFileType = sourcecode.swift; path = RenameTableViewCell.swift; sourceTree = "<group>"; };
		8872F8962745DCEF00504F81 /* ChangeFullNameTableViewController.swift */ = {isa = PBXFileReference; lastKnownFileType = sourcecode.swift; path = ChangeFullNameTableViewController.swift; sourceTree = "<group>"; };
		8872F8982745DD6700504F81 /* ChangeUsernameTableViewController.swift */ = {isa = PBXFileReference; lastKnownFileType = sourcecode.swift; path = ChangeUsernameTableViewController.swift; sourceTree = "<group>"; };
		8872F89B274653D600504F81 /* PagingViewController.swift */ = {isa = PBXFileReference; lastKnownFileType = sourcecode.swift; path = PagingViewController.swift; sourceTree = "<group>"; };
		8872F89F2747211E00504F81 /* FollowingListTableViewController.swift */ = {isa = PBXFileReference; lastKnownFileType = sourcecode.swift; path = FollowingListTableViewController.swift; sourceTree = "<group>"; };
		8872F8A12747A39000504F81 /* AccessPhotoManager.swift */ = {isa = PBXFileReference; lastKnownFileType = sourcecode.swift; path = AccessPhotoManager.swift; sourceTree = "<group>"; };
		8872F8A42747A9F000504F81 /* ImageUploader.swift */ = {isa = PBXFileReference; lastKnownFileType = sourcecode.swift; path = ImageUploader.swift; sourceTree = "<group>"; };
		88F6AECE274E44680092772F /* EditProfileTableViewController.swift */ = {isa = PBXFileReference; lastKnownFileType = sourcecode.swift; path = EditProfileTableViewController.swift; sourceTree = "<group>"; };
		88F6AED0274EFC860092772F /* FollowersListTableViewController.swift */ = {isa = PBXFileReference; lastKnownFileType = sourcecode.swift; path = FollowersListTableViewController.swift; sourceTree = "<group>"; };
		9521EA2BFA435F9B56DDE446 /* Pods_DoLEMON_new.framework */ = {isa = PBXFileReference; explicitFileType = wrapper.framework; includeInIndex = 0; path = Pods_DoLEMON_new.framework; sourceTree = BUILT_PRODUCTS_DIR; };
/* End PBXFileReference section */

/* Begin PBXFrameworksBuildPhase section */
		8823A376273D204100C7E228 /* Frameworks */ = {
			isa = PBXFrameworksBuildPhase;
			buildActionMask = 2147483647;
			files = (
				42C117EB687731AA4A60751A /* Pods_DoLEMON_new.framework in Frameworks */,
			);
			runOnlyForDeploymentPostprocessing = 0;
		};
/* End PBXFrameworksBuildPhase section */

/* Begin PBXGroup section */
		3C0E195120A5D58F91E759C9 /* Pods */ = {
			isa = PBXGroup;
			children = (
				2E032FEE26837181AF766BAF /* Pods-DoLEMON.new.debug.xcconfig */,
				1853D7AB88FABA64DC5E1F70 /* Pods-DoLEMON.new.release.xcconfig */,
			);
			path = Pods;
			sourceTree = "<group>";
		};
		880C86892752FD98009799EC /* Comment */ = {
			isa = PBXGroup;
			children = (
				8823A3AD273F465300C7E228 /* CommentsViewController.swift */,
				880C868A2752FDCE009799EC /* ShowCommentsViewController.swift */,
			);
			path = Comment;
			sourceTree = "<group>";
		};
		8823A370273D204100C7E228 = {
			isa = PBXGroup;
			children = (
				8823A37B273D204100C7E228 /* DoLEMON.new */,
				8823A37A273D204100C7E228 /* Products */,
				3C0E195120A5D58F91E759C9 /* Pods */,
				F263E82E9153A13F8FB748B5 /* Frameworks */,
			);
			sourceTree = "<group>";
		};
		8823A37A273D204100C7E228 /* Products */ = {
			isa = PBXGroup;
			children = (
				8823A379273D204100C7E228 /* DoLEMON.new.app */,
			);
			name = Products;
			sourceTree = "<group>";
		};
		8823A37B273D204100C7E228 /* DoLEMON.new */ = {
			isa = PBXGroup;
			children = (
				8872F8742741EABF00504F81 /* Resources */,
				8823A392273D242A00C7E228 /* Models */,
				8823A391273D241B00C7E228 /* Views */,
				8823A390273D240C00C7E228 /* Controllers */,
				8872F8672740FAB100504F81 /* Supporting Files */,
				8872F8A32747A9D900504F81 /* API */,
				8832070E2748682A00E2921D /* Utils */,
				8872F87827424AAE00504F81 /* GoogleService-Info.plist */,
				8823A38A273D204800C7E228 /* Info.plist */,
			);
			path = DoLEMON.new;
			sourceTree = "<group>";
		};
		8823A390273D240C00C7E228 /* Controllers */ = {
			isa = PBXGroup;
			children = (
				8823A39D273D288400C7E228 /* Other */,
				8823A398273D259500C7E228 /* CoreTabs */,
				8872F8892745B7AF00504F81 /* TestViewController.swift */,
			);
			path = Controllers;
			sourceTree = "<group>";
		};
		8823A391273D241B00C7E228 /* Views */ = {
			isa = PBXGroup;
			children = (
				8872F87C27424CF100504F81 /* TableViewHeader */,
				8872F85C2740911C00504F81 /* Cells */,
				8823A385273D204800C7E228 /* Assets.xcassets */,
				8823A3AB273F300700C7E228 /* Main.storyboard */,
				8823A387273D204800C7E228 /* LaunchScreen.storyboard */,
			);
			path = Views;
			sourceTree = "<group>";
		};
		8823A392273D242A00C7E228 /* Models */ = {
			isa = PBXGroup;
			children = (
				8872F87D27431ED100504F81 /* Place.swift */,
				8872F87F27432C2900504F81 /* User.swift */,
				8872F88127434A1A00504F81 /* Pin.swift */,
				8872F88327448EEB00504F81 /* Comment.swift */,
			);
			path = Models;
			sourceTree = "<group>";
		};
		8823A397273D247100C7E228 /* Onboarding */ = {
			isa = PBXGroup;
			children = (
				8823A380273D204100C7E228 /* HomeViewController.swift */,
				8823A393273D244E00C7E228 /* LoginViewController.swift */,
				8823A395273D246A00C7E228 /* RegisterViewController.swift */,
			);
			path = Onboarding;
			sourceTree = "<group>";
		};
		8823A398273D259500C7E228 /* CoreTabs */ = {
			isa = PBXGroup;
			children = (
				8823A399273D25D000C7E228 /* MapViewController.swift */,
				8872F86A2741049E00504F81 /* ProfileTableViewController.swift */,
			);
			path = CoreTabs;
			sourceTree = "<group>";
		};
		8823A39D273D288400C7E228 /* Other */ = {
			isa = PBXGroup;
			children = (
				8823A397273D247100C7E228 /* Onboarding */,
				8872F8572740904F00504F81 /* General */,
			);
			path = Other;
			sourceTree = "<group>";
		};
		8832070E2748682A00E2921D /* Utils */ = {
			isa = PBXGroup;
			children = (
				8872F8752741EAD400504F81 /* Extentions.swift */,
				8832070F2748685400E2921D /* Constants.swift */,
			);
			path = Utils;
			sourceTree = "<group>";
		};
		8872F8572740904F00504F81 /* General */ = {
			isa = PBXGroup;
			children = (
				8823A3A2273D2ADE00C7E228 /* ResultViewController.swift */,
				880C86892752FD98009799EC /* Comment */,
				8872F8772742004500504F81 /* AddFriend */,
				8872F89A2746539400504F81 /* UserFollow */,
				8872F88D2745DA9900504F81 /* EditProfile */,
				8872F86527409B5600504F81 /* UserPinPlaceListViewController.swift */,
			);
			path = General;
			sourceTree = "<group>";
		};
		8872F85C2740911C00504F81 /* Cells */ = {
			isa = PBXGroup;
			children = (
				8872F85D2740916100504F81 /* UserFollowTableViewCell.swift */,
				8872F8612740965500504F81 /* EditProfileTableViewCell.swift */,
				8872F8722741D85A00504F81 /* ProfileTableViewCell.swift */,
				8872F8922745DBB700504F81 /* RenameTableViewCell.swift */,
			);
			path = Cells;
			sourceTree = "<group>";
		};
		8872F8672740FAB100504F81 /* Supporting Files */ = {
			isa = PBXGroup;
			children = (
				8823A37C273D204100C7E228 /* AppDelegate.swift */,
				8823A37E273D204100C7E228 /* SceneDelegate.swift */,
			);
			path = "Supporting Files";
			sourceTree = "<group>";
		};
		8872F8742741EABF00504F81 /* Resources */ = {
			isa = PBXGroup;
			children = (
				8823A3A7273DF26200C7E228 /* GooglePlaceManager.swift */,
				8872F87A27424C9800504F81 /* FirebaseAuthManager.swift */,
				8872F8852744F66200504F81 /* FirestoreManager.swift */,
				8872F8A12747A39000504F81 /* AccessPhotoManager.swift */,
				8860474A274B342B00BFE967 /* FollowUnfollowManager.swift */,
			);
			path = Resources;
			sourceTree = "<group>";
		};
		8872F8772742004500504F81 /* AddFriend */ = {
			isa = PBXGroup;
			children = (
				8823A39B273D273700C7E228 /* AddFriendViewController.swift */,
				8823A39E273D2A4500C7E228 /* SearchFriendViewController.swift */,
			);
			path = AddFriend;
			sourceTree = "<group>";
		};
		8872F87C27424CF100504F81 /* TableViewHeader */ = {
			isa = PBXGroup;
			children = (
				8872F87027412D5200504F81 /* ProfileCustomHeaderView.swift */,
				8872F88B2745BE5300504F81 /* EditProfileCustomHeaderView.swift */,
			);
			path = TableViewHeader;
			sourceTree = "<group>";
		};
		8872F88D2745DA9900504F81 /* EditProfile */ = {
			isa = PBXGroup;
			children = (
				8872F8962745DCEF00504F81 /* ChangeFullNameTableViewController.swift */,
				8872F8982745DD6700504F81 /* ChangeUsernameTableViewController.swift */,
				88F6AECE274E44680092772F /* EditProfileTableViewController.swift */,
			);
			path = EditProfile;
			sourceTree = "<group>";
		};
		8872F89A2746539400504F81 /* UserFollow */ = {
			isa = PBXGroup;
			children = (
				8872F89B274653D600504F81 /* PagingViewController.swift */,
				8872F89F2747211E00504F81 /* FollowingListTableViewController.swift */,
				88F6AED0274EFC860092772F /* FollowersListTableViewController.swift */,
			);
			path = UserFollow;
			sourceTree = "<group>";
		};
		8872F8A32747A9D900504F81 /* API */ = {
			isa = PBXGroup;
			children = (
				8872F8A42747A9F000504F81 /* ImageUploader.swift */,
				8860474C274B35AE00BFE967 /* UserService.swift */,
			);
			path = API;
			sourceTree = "<group>";
		};
		F263E82E9153A13F8FB748B5 /* Frameworks */ = {
			isa = PBXGroup;
			children = (
				9521EA2BFA435F9B56DDE446 /* Pods_DoLEMON_new.framework */,
			);
			name = Frameworks;
			sourceTree = "<group>";
		};
/* End PBXGroup section */

/* Begin PBXNativeTarget section */
		8823A378273D204100C7E228 /* DoLEMON.new */ = {
			isa = PBXNativeTarget;
			buildConfigurationList = 8823A38D273D204800C7E228 /* Build configuration list for PBXNativeTarget "DoLEMON.new" */;
			buildPhases = (
				8C9BFB498DB393C75BE3EC8B /* [CP] Check Pods Manifest.lock */,
				8823A375273D204100C7E228 /* Sources */,
				8823A376273D204100C7E228 /* Frameworks */,
				8823A377273D204100C7E228 /* Resources */,
				24A1CC16D877E8D59A3D8276 /* [CP] Copy Pods Resources */,
				C8DF2A7A6F481AAEE513F4CB /* [CP] Embed Pods Frameworks */,
			);
			buildRules = (
			);
			dependencies = (
			);
			name = DoLEMON.new;
			packageProductDependencies = (
			);
			productName = DoLEMON.new;
			productReference = 8823A379273D204100C7E228 /* DoLEMON.new.app */;
			productType = "com.apple.product-type.application";
		};
/* End PBXNativeTarget section */

/* Begin PBXProject section */
		8823A371273D204100C7E228 /* Project object */ = {
			isa = PBXProject;
			attributes = {
				LastSwiftUpdateCheck = 1250;
				LastUpgradeCheck = 1250;
				TargetAttributes = {
					8823A378273D204100C7E228 = {
						CreatedOnToolsVersion = 12.5.1;
					};
				};
			};
			buildConfigurationList = 8823A374273D204100C7E228 /* Build configuration list for PBXProject "DoLEMON.new" */;
			compatibilityVersion = "Xcode 9.3";
			developmentRegion = en;
			hasScannedForEncodings = 0;
			knownRegions = (
				en,
				Base,
			);
			mainGroup = 8823A370273D204100C7E228;
			packageReferences = (
			);
			productRefGroup = 8823A37A273D204100C7E228 /* Products */;
			projectDirPath = "";
			projectRoot = "";
			targets = (
				8823A378273D204100C7E228 /* DoLEMON.new */,
			);
		};
/* End PBXProject section */

/* Begin PBXResourcesBuildPhase section */
		8823A377273D204100C7E228 /* Resources */ = {
			isa = PBXResourcesBuildPhase;
			buildActionMask = 2147483647;
			files = (
				8823A389273D204800C7E228 /* LaunchScreen.storyboard in Resources */,
				8823A3AC273F300700C7E228 /* Main.storyboard in Resources */,
				8823A386273D204800C7E228 /* Assets.xcassets in Resources */,
				8872F87927424AAE00504F81 /* GoogleService-Info.plist in Resources */,
			);
			runOnlyForDeploymentPostprocessing = 0;
		};
/* End PBXResourcesBuildPhase section */

/* Begin PBXShellScriptBuildPhase section */
		24A1CC16D877E8D59A3D8276 /* [CP] Copy Pods Resources */ = {
			isa = PBXShellScriptBuildPhase;
			buildActionMask = 2147483647;
			files = (
			);
			inputFileListPaths = (
				"${PODS_ROOT}/Target Support Files/Pods-DoLEMON.new/Pods-DoLEMON.new-resources-${CONFIGURATION}-input-files.xcfilelist",
			);
			name = "[CP] Copy Pods Resources";
			outputFileListPaths = (
				"${PODS_ROOT}/Target Support Files/Pods-DoLEMON.new/Pods-DoLEMON.new-resources-${CONFIGURATION}-output-files.xcfilelist",
			);
			runOnlyForDeploymentPostprocessing = 0;
			shellPath = /bin/sh;
			shellScript = "\"${PODS_ROOT}/Target Support Files/Pods-DoLEMON.new/Pods-DoLEMON.new-resources.sh\"\n";
			showEnvVarsInLog = 0;
		};
		8C9BFB498DB393C75BE3EC8B /* [CP] Check Pods Manifest.lock */ = {
			isa = PBXShellScriptBuildPhase;
			buildActionMask = 2147483647;
			files = (
			);
			inputFileListPaths = (
			);
			inputPaths = (
				"${PODS_PODFILE_DIR_PATH}/Podfile.lock",
				"${PODS_ROOT}/Manifest.lock",
			);
			name = "[CP] Check Pods Manifest.lock";
			outputFileListPaths = (
			);
			outputPaths = (
				"$(DERIVED_FILE_DIR)/Pods-DoLEMON.new-checkManifestLockResult.txt",
			);
			runOnlyForDeploymentPostprocessing = 0;
			shellPath = /bin/sh;
			shellScript = "diff \"${PODS_PODFILE_DIR_PATH}/Podfile.lock\" \"${PODS_ROOT}/Manifest.lock\" > /dev/null\nif [ $? != 0 ] ; then\n    # print error to STDERR\n    echo \"error: The sandbox is not in sync with the Podfile.lock. Run 'pod install' or update your CocoaPods installation.\" >&2\n    exit 1\nfi\n# This output is used by Xcode 'outputs' to avoid re-running this script phase.\necho \"SUCCESS\" > \"${SCRIPT_OUTPUT_FILE_0}\"\n";
			showEnvVarsInLog = 0;
		};
		C8DF2A7A6F481AAEE513F4CB /* [CP] Embed Pods Frameworks */ = {
			isa = PBXShellScriptBuildPhase;
			buildActionMask = 2147483647;
			files = (
			);
			inputFileListPaths = (
				"${PODS_ROOT}/Target Support Files/Pods-DoLEMON.new/Pods-DoLEMON.new-frameworks-${CONFIGURATION}-input-files.xcfilelist",
			);
			name = "[CP] Embed Pods Frameworks";
			outputFileListPaths = (
				"${PODS_ROOT}/Target Support Files/Pods-DoLEMON.new/Pods-DoLEMON.new-frameworks-${CONFIGURATION}-output-files.xcfilelist",
			);
			runOnlyForDeploymentPostprocessing = 0;
			shellPath = /bin/sh;
			shellScript = "\"${PODS_ROOT}/Target Support Files/Pods-DoLEMON.new/Pods-DoLEMON.new-frameworks.sh\"\n";
			showEnvVarsInLog = 0;
		};
/* End PBXShellScriptBuildPhase section */

/* Begin PBXSourcesBuildPhase section */
		8823A375273D204100C7E228 /* Sources */ = {
			isa = PBXSourcesBuildPhase;
			buildActionMask = 2147483647;
			files = (
				8823A3A8273DF26200C7E228 /* GooglePlaceManager.swift in Sources */,
				8823A3AE273F465400C7E228 /* CommentsViewController.swift in Sources */,
				8823A39F273D2A4500C7E228 /* SearchFriendViewController.swift in Sources */,
				8872F8972745DCEF00504F81 /* ChangeFullNameTableViewController.swift in Sources */,
				8872F8932745DBB700504F81 /* RenameTableViewCell.swift in Sources */,
				8872F8A52747A9F000504F81 /* ImageUploader.swift in Sources */,
				8872F88227434A1B00504F81 /* Pin.swift in Sources */,
				8823A394273D244E00C7E228 /* LoginViewController.swift in Sources */,
				880C868B2752FDCE009799EC /* ShowCommentsViewController.swift in Sources */,
				8823A39C273D273700C7E228 /* AddFriendViewController.swift in Sources */,
				8872F8A22747A39000504F81 /* AccessPhotoManager.swift in Sources */,
				8872F86B2741049E00504F81 /* ProfileTableViewController.swift in Sources */,
				8872F89C274653D600504F81 /* PagingViewController.swift in Sources */,
				8872F8992745DD6700504F81 /* ChangeUsernameTableViewController.swift in Sources */,
				8872F87E27431ED100504F81 /* Place.swift in Sources */,
				8860474D274B35AE00BFE967 /* UserService.swift in Sources */,
				88F6AECF274E44680092772F /* EditProfileTableViewController.swift in Sources */,
				8860474B274B342B00BFE967 /* FollowUnfollowManager.swift in Sources */,
				8823A39A273D25D000C7E228 /* MapViewController.swift in Sources */,
				8872F88427448EEB00504F81 /* Comment.swift in Sources */,
				8872F86627409B5600504F81 /* UserPinPlaceListViewController.swift in Sources */,
				8872F8A02747211E00504F81 /* FollowingListTableViewController.swift in Sources */,
				8823A381273D204100C7E228 /* HomeViewController.swift in Sources */,
				8872F8862744F66200504F81 /* FirestoreManager.swift in Sources */,
				8823A37D273D204100C7E228 /* AppDelegate.swift in Sources */,
				8872F88A2745B7AF00504F81 /* TestViewController.swift in Sources */,
				8872F8732741D85A00504F81 /* ProfileTableViewCell.swift in Sources */,
				8823A37F273D204100C7E228 /* SceneDelegate.swift in Sources */,
				8872F8622740965500504F81 /* EditProfileTableViewCell.swift in Sources */,
				8872F87B27424C9800504F81 /* FirebaseAuthManager.swift in Sources */,
				8872F87127412D5200504F81 /* ProfileCustomHeaderView.swift in Sources */,
				8872F85E2740916100504F81 /* UserFollowTableViewCell.swift in Sources */,
				8823A396273D246A00C7E228 /* RegisterViewController.swift in Sources */,
				8823A3A3273D2ADE00C7E228 /* ResultViewController.swift in Sources */,
				88F6AED1274EFC860092772F /* FollowersListTableViewController.swift in Sources */,
				8872F8762741EAD400504F81 /* Extentions.swift in Sources */,
				8872F88C2745BE5300504F81 /* EditProfileCustomHeaderView.swift in Sources */,
				883207102748685400E2921D /* Constants.swift in Sources */,
				8872F88027432C2900504F81 /* User.swift in Sources */,
			);
			runOnlyForDeploymentPostprocessing = 0;
		};
/* End PBXSourcesBuildPhase section */

/* Begin PBXVariantGroup section */
		8823A387273D204800C7E228 /* LaunchScreen.storyboard */ = {
			isa = PBXVariantGroup;
			children = (
				8823A388273D204800C7E228 /* Base */,
			);
			name = LaunchScreen.storyboard;
			sourceTree = "<group>";
		};
/* End PBXVariantGroup section */

/* Begin XCBuildConfiguration section */
		8823A38B273D204800C7E228 /* Debug */ = {
			isa = XCBuildConfiguration;
			buildSettings = {
				ALWAYS_SEARCH_USER_PATHS = NO;
				CLANG_ANALYZER_NONNULL = YES;
				CLANG_ANALYZER_NUMBER_OBJECT_CONVERSION = YES_AGGRESSIVE;
				CLANG_CXX_LANGUAGE_STANDARD = "gnu++14";
				CLANG_CXX_LIBRARY = "libc++";
				CLANG_ENABLE_MODULES = YES;
				CLANG_ENABLE_OBJC_ARC = YES;
				CLANG_ENABLE_OBJC_WEAK = YES;
				CLANG_WARN_BLOCK_CAPTURE_AUTORELEASING = YES;
				CLANG_WARN_BOOL_CONVERSION = YES;
				CLANG_WARN_COMMA = YES;
				CLANG_WARN_CONSTANT_CONVERSION = YES;
				CLANG_WARN_DEPRECATED_OBJC_IMPLEMENTATIONS = YES;
				CLANG_WARN_DIRECT_OBJC_ISA_USAGE = YES_ERROR;
				CLANG_WARN_DOCUMENTATION_COMMENTS = YES;
				CLANG_WARN_EMPTY_BODY = YES;
				CLANG_WARN_ENUM_CONVERSION = YES;
				CLANG_WARN_INFINITE_RECURSION = YES;
				CLANG_WARN_INT_CONVERSION = YES;
				CLANG_WARN_NON_LITERAL_NULL_CONVERSION = YES;
				CLANG_WARN_OBJC_IMPLICIT_RETAIN_SELF = YES;
				CLANG_WARN_OBJC_LITERAL_CONVERSION = YES;
				CLANG_WARN_OBJC_ROOT_CLASS = YES_ERROR;
				CLANG_WARN_QUOTED_INCLUDE_IN_FRAMEWORK_HEADER = YES;
				CLANG_WARN_RANGE_LOOP_ANALYSIS = YES;
				CLANG_WARN_STRICT_PROTOTYPES = YES;
				CLANG_WARN_SUSPICIOUS_MOVE = YES;
				CLANG_WARN_UNGUARDED_AVAILABILITY = YES_AGGRESSIVE;
				CLANG_WARN_UNREACHABLE_CODE = YES;
				CLANG_WARN__DUPLICATE_METHOD_MATCH = YES;
				COPY_PHASE_STRIP = NO;
				DEBUG_INFORMATION_FORMAT = dwarf;
				ENABLE_STRICT_OBJC_MSGSEND = YES;
				ENABLE_TESTABILITY = YES;
				GCC_C_LANGUAGE_STANDARD = gnu11;
				GCC_DYNAMIC_NO_PIC = NO;
				GCC_NO_COMMON_BLOCKS = YES;
				GCC_OPTIMIZATION_LEVEL = 0;
				GCC_PREPROCESSOR_DEFINITIONS = (
					"DEBUG=1",
					"$(inherited)",
				);
				GCC_WARN_64_TO_32_BIT_CONVERSION = YES;
				GCC_WARN_ABOUT_RETURN_TYPE = YES_ERROR;
				GCC_WARN_UNDECLARED_SELECTOR = YES;
				GCC_WARN_UNINITIALIZED_AUTOS = YES_AGGRESSIVE;
				GCC_WARN_UNUSED_FUNCTION = YES;
				GCC_WARN_UNUSED_VARIABLE = YES;
				IPHONEOS_DEPLOYMENT_TARGET = 14.5;
				MTL_ENABLE_DEBUG_INFO = INCLUDE_SOURCE;
				MTL_FAST_MATH = YES;
				ONLY_ACTIVE_ARCH = YES;
				SDKROOT = iphoneos;
				SWIFT_ACTIVE_COMPILATION_CONDITIONS = DEBUG;
				SWIFT_OPTIMIZATION_LEVEL = "-Onone";
			};
			name = Debug;
		};
		8823A38C273D204800C7E228 /* Release */ = {
			isa = XCBuildConfiguration;
			buildSettings = {
				ALWAYS_SEARCH_USER_PATHS = NO;
				CLANG_ANALYZER_NONNULL = YES;
				CLANG_ANALYZER_NUMBER_OBJECT_CONVERSION = YES_AGGRESSIVE;
				CLANG_CXX_LANGUAGE_STANDARD = "gnu++14";
				CLANG_CXX_LIBRARY = "libc++";
				CLANG_ENABLE_MODULES = YES;
				CLANG_ENABLE_OBJC_ARC = YES;
				CLANG_ENABLE_OBJC_WEAK = YES;
				CLANG_WARN_BLOCK_CAPTURE_AUTORELEASING = YES;
				CLANG_WARN_BOOL_CONVERSION = YES;
				CLANG_WARN_COMMA = YES;
				CLANG_WARN_CONSTANT_CONVERSION = YES;
				CLANG_WARN_DEPRECATED_OBJC_IMPLEMENTATIONS = YES;
				CLANG_WARN_DIRECT_OBJC_ISA_USAGE = YES_ERROR;
				CLANG_WARN_DOCUMENTATION_COMMENTS = YES;
				CLANG_WARN_EMPTY_BODY = YES;
				CLANG_WARN_ENUM_CONVERSION = YES;
				CLANG_WARN_INFINITE_RECURSION = YES;
				CLANG_WARN_INT_CONVERSION = YES;
				CLANG_WARN_NON_LITERAL_NULL_CONVERSION = YES;
				CLANG_WARN_OBJC_IMPLICIT_RETAIN_SELF = YES;
				CLANG_WARN_OBJC_LITERAL_CONVERSION = YES;
				CLANG_WARN_OBJC_ROOT_CLASS = YES_ERROR;
				CLANG_WARN_QUOTED_INCLUDE_IN_FRAMEWORK_HEADER = YES;
				CLANG_WARN_RANGE_LOOP_ANALYSIS = YES;
				CLANG_WARN_STRICT_PROTOTYPES = YES;
				CLANG_WARN_SUSPICIOUS_MOVE = YES;
				CLANG_WARN_UNGUARDED_AVAILABILITY = YES_AGGRESSIVE;
				CLANG_WARN_UNREACHABLE_CODE = YES;
				CLANG_WARN__DUPLICATE_METHOD_MATCH = YES;
				COPY_PHASE_STRIP = NO;
				DEBUG_INFORMATION_FORMAT = "dwarf-with-dsym";
				ENABLE_NS_ASSERTIONS = NO;
				ENABLE_STRICT_OBJC_MSGSEND = YES;
				GCC_C_LANGUAGE_STANDARD = gnu11;
				GCC_NO_COMMON_BLOCKS = YES;
				GCC_WARN_64_TO_32_BIT_CONVERSION = YES;
				GCC_WARN_ABOUT_RETURN_TYPE = YES_ERROR;
				GCC_WARN_UNDECLARED_SELECTOR = YES;
				GCC_WARN_UNINITIALIZED_AUTOS = YES_AGGRESSIVE;
				GCC_WARN_UNUSED_FUNCTION = YES;
				GCC_WARN_UNUSED_VARIABLE = YES;
				IPHONEOS_DEPLOYMENT_TARGET = 14.5;
				MTL_ENABLE_DEBUG_INFO = NO;
				MTL_FAST_MATH = YES;
				SDKROOT = iphoneos;
				SWIFT_COMPILATION_MODE = wholemodule;
				SWIFT_OPTIMIZATION_LEVEL = "-O";
				VALIDATE_PRODUCT = YES;
			};
			name = Release;
		};
		8823A38E273D204800C7E228 /* Debug */ = {
			isa = XCBuildConfiguration;
			baseConfigurationReference = 2E032FEE26837181AF766BAF /* Pods-DoLEMON.new.debug.xcconfig */;
			buildSettings = {
				ASSETCATALOG_COMPILER_APPICON_NAME = AppIcon;
				ASSETCATALOG_COMPILER_GLOBAL_ACCENT_COLOR_NAME = AccentColor;
				CODE_SIGN_STYLE = Automatic;
				INFOPLIST_FILE = DoLEMON.new/Info.plist;
				LD_RUNPATH_SEARCH_PATHS = (
					"$(inherited)",
					"@executable_path/Frameworks",
				);
				PRODUCT_BUNDLE_IDENTIFIER = "com.Kody.DoLEMON-new";
				PRODUCT_NAME = "$(TARGET_NAME)";
				SWIFT_VERSION = 5.0;
				TARGETED_DEVICE_FAMILY = 1;
			};
			name = Debug;
		};
		8823A38F273D204800C7E228 /* Release */ = {
			isa = XCBuildConfiguration;
			baseConfigurationReference = 1853D7AB88FABA64DC5E1F70 /* Pods-DoLEMON.new.release.xcconfig */;
			buildSettings = {
				ASSETCATALOG_COMPILER_APPICON_NAME = AppIcon;
				ASSETCATALOG_COMPILER_GLOBAL_ACCENT_COLOR_NAME = AccentColor;
				CODE_SIGN_STYLE = Automatic;
				INFOPLIST_FILE = DoLEMON.new/Info.plist;
				LD_RUNPATH_SEARCH_PATHS = (
					"$(inherited)",
					"@executable_path/Frameworks",
				);
				PRODUCT_BUNDLE_IDENTIFIER = "com.Kody.DoLEMON-new";
				PRODUCT_NAME = "$(TARGET_NAME)";
				SWIFT_VERSION = 5.0;
				TARGETED_DEVICE_FAMILY = 1;
			};
			name = Release;
		};
/* End XCBuildConfiguration section */

/* Begin XCConfigurationList section */
		8823A374273D204100C7E228 /* Build configuration list for PBXProject "DoLEMON.new" */ = {
			isa = XCConfigurationList;
			buildConfigurations = (
				8823A38B273D204800C7E228 /* Debug */,
				8823A38C273D204800C7E228 /* Release */,
			);
			defaultConfigurationIsVisible = 0;
			defaultConfigurationName = Release;
		};
		8823A38D273D204800C7E228 /* Build configuration list for PBXNativeTarget "DoLEMON.new" */ = {
			isa = XCConfigurationList;
			buildConfigurations = (
				8823A38E273D204800C7E228 /* Debug */,
				8823A38F273D204800C7E228 /* Release */,
			);
			defaultConfigurationIsVisible = 0;
			defaultConfigurationName = Release;
		};
/* End XCConfigurationList section */
	};
	rootObject = 8823A371273D204100C7E228 /* Project object */;
}
